// !$*UTF8*$!
{
	archiveVersion = 1;
	classes = {
	};
	objectVersion = 50;
	objects = {

/* Begin PBXBuildFile section */
		9B9D695F21A689B700BFDF22 /* AppDelegate.m in Sources */ = {isa = PBXBuildFile; fileRef = 9B9D695E21A689B700BFDF22 /* AppDelegate.m */; };
		9B9D696221A689B700BFDF22 /* ViewController.m in Sources */ = {isa = PBXBuildFile; fileRef = 9B9D696121A689B700BFDF22 /* ViewController.m */; };
		9B9D696521A689B700BFDF22 /* Main.storyboard in Resources */ = {isa = PBXBuildFile; fileRef = 9B9D696321A689B700BFDF22 /* Main.storyboard */; };
		9B9D696721A689B800BFDF22 /* Assets.xcassets in Resources */ = {isa = PBXBuildFile; fileRef = 9B9D696621A689B800BFDF22 /* Assets.xcassets */; };
		9B9D696A21A689B800BFDF22 /* LaunchScreen.storyboard in Resources */ = {isa = PBXBuildFile; fileRef = 9B9D696821A689B800BFDF22 /* LaunchScreen.storyboard */; };
		9B9D696D21A689B800BFDF22 /* main.m in Sources */ = {isa = PBXBuildFile; fileRef = 9B9D696C21A689B800BFDF22 /* main.m */; };
		9B9D697721A689B800BFDF22 /* mmpTests.m in Sources */ = {isa = PBXBuildFile; fileRef = 9B9D697621A689B800BFDF22 /* mmpTests.m */; };
		9B9D698221A689B800BFDF22 /* mmpUITests.m in Sources */ = {isa = PBXBuildFile; fileRef = 9B9D698121A689B800BFDF22 /* mmpUITests.m */; };
/* End PBXBuildFile section */

/* Begin PBXContainerItemProxy section */
		9B9D697321A689B800BFDF22 /* PBXContainerItemProxy */ = {
			isa = PBXContainerItemProxy;
			containerPortal = 9B9D695221A689B700BFDF22 /* Project object */;
			proxyType = 1;
			remoteGlobalIDString = 9B9D695921A689B700BFDF22;
			remoteInfo = mmp;
		};
		9B9D697E21A689B800BFDF22 /* PBXContainerItemProxy */ = {
			isa = PBXContainerItemProxy;
			containerPortal = 9B9D695221A689B700BFDF22 /* Project object */;
			proxyType = 1;
			remoteGlobalIDString = 9B9D695921A689B700BFDF22;
			remoteInfo = mmp;
		};
/* End PBXContainerItemProxy section */

/* Begin PBXFileReference section */
		9B9D695A21A689B700BFDF22 /* mmp.app */ = {isa = PBXFileReference; explicitFileType = wrapper.application; includeInIndex = 0; path = mmp.app; sourceTree = BUILT_PRODUCTS_DIR; };
		9B9D695D21A689B700BFDF22 /* AppDelegate.h */ = {isa = PBXFileReference; lastKnownFileType = sourcecode.c.h; path = AppDelegate.h; sourceTree = "<group>"; };
		9B9D695E21A689B700BFDF22 /* AppDelegate.m */ = {isa = PBXFileReference; lastKnownFileType = sourcecode.c.objc; path = AppDelegate.m; sourceTree = "<group>"; };
		9B9D696021A689B700BFDF22 /* ViewController.h */ = {isa = PBXFileReference; lastKnownFileType = sourcecode.c.h; path = ViewController.h; sourceTree = "<group>"; };
		9B9D696121A689B700BFDF22 /* ViewController.m */ = {isa = PBXFileReference; lastKnownFileType = sourcecode.c.objc; path = ViewController.m; sourceTree = "<group>"; };
		9B9D696421A689B700BFDF22 /* Base */ = {isa = PBXFileReference; lastKnownFileType = file.storyboard; name = Base; path = Base.lproj/Main.storyboard; sourceTree = "<group>"; };
		9B9D696621A689B800BFDF22 /* Assets.xcassets */ = {isa = PBXFileReference; lastKnownFileType = folder.assetcatalog; path = Assets.xcassets; sourceTree = "<group>"; };
		9B9D696921A689B800BFDF22 /* Base */ = {isa = PBXFileReference; lastKnownFileType = file.storyboard; name = Base; path = Base.lproj/LaunchScreen.storyboard; sourceTree = "<group>"; };
		9B9D696B21A689B800BFDF22 /* Info.plist */ = {isa = PBXFileReference; lastKnownFileType = text.plist.xml; path = Info.plist; sourceTree = "<group>"; };
		9B9D696C21A689B800BFDF22 /* main.m */ = {isa = PBXFileReference; lastKnownFileType = sourcecode.c.objc; path = main.m; sourceTree = "<group>"; };
		9B9D697221A689B800BFDF22 /* mmpTests.xctest */ = {isa = PBXFileReference; explicitFileType = wrapper.cfbundle; includeInIndex = 0; path = mmpTests.xctest; sourceTree = BUILT_PRODUCTS_DIR; };
		9B9D697621A689B800BFDF22 /* mmpTests.m */ = {isa = PBXFileReference; lastKnownFileType = sourcecode.c.objc; path = mmpTests.m; sourceTree = "<group>"; };
		9B9D697821A689B800BFDF22 /* Info.plist */ = {isa = PBXFileReference; lastKnownFileType = text.plist.xml; path = Info.plist; sourceTree = "<group>"; };
		9B9D697D21A689B800BFDF22 /* mmpUITests.xctest */ = {isa = PBXFileReference; explicitFileType = wrapper.cfbundle; includeInIndex = 0; path = mmpUITests.xctest; sourceTree = BUILT_PRODUCTS_DIR; };
		9B9D698121A689B800BFDF22 /* mmpUITests.m */ = {isa = PBXFileReference; lastKnownFileType = sourcecode.c.objc; path = mmpUITests.m; sourceTree = "<group>"; };
		9B9D698321A689B800BFDF22 /* Info.plist */ = {isa = PBXFileReference; lastKnownFileType = text.plist.xml; path = Info.plist; sourceTree = "<group>"; };
/* End PBXFileReference section */

/* Begin PBXFrameworksBuildPhase section */
		9B9D695721A689B700BFDF22 /* Frameworks */ = {
			isa = PBXFrameworksBuildPhase;
			buildActionMask = 2147483647;
			files = (
			);
			runOnlyForDeploymentPostprocessing = 0;
		};
		9B9D696F21A689B800BFDF22 /* Frameworks */ = {
			isa = PBXFrameworksBuildPhase;
			buildActionMask = 2147483647;
			files = (
			);
			runOnlyForDeploymentPostprocessing = 0;
		};
		9B9D697A21A689B800BFDF22 /* Frameworks */ = {
			isa = PBXFrameworksBuildPhase;
			buildActionMask = 2147483647;
			files = (
			);
			runOnlyForDeploymentPostprocessing = 0;
		};
/* End PBXFrameworksBuildPhase section */

/* Begin PBXGroup section */
		9B9D695121A689B700BFDF22 = {
			isa = PBXGroup;
			children = (
				9B9D695C21A689B700BFDF22 /* mmp */,
				9B9D697521A689B800BFDF22 /* mmpTests */,
				9B9D698021A689B800BFDF22 /* mmpUITests */,
				9B9D695B21A689B700BFDF22 /* Products */,
			);
			sourceTree = "<group>";
		};
		9B9D695B21A689B700BFDF22 /* Products */ = {
			isa = PBXGroup;
			children = (
				9B9D695A21A689B700BFDF22 /* mmp.app */,
				9B9D697221A689B800BFDF22 /* mmpTests.xctest */,
				9B9D697D21A689B800BFDF22 /* mmpUITests.xctest */,
			);
			name = Products;
			sourceTree = "<group>";
		};
		9B9D695C21A689B700BFDF22 /* mmp */ = {
			isa = PBXGroup;
			children = (
				9B9D695D21A689B700BFDF22 /* AppDelegate.h */,
				9B9D695E21A689B700BFDF22 /* AppDelegate.m */,
				9B9D696021A689B700BFDF22 /* ViewController.h */,
				9B9D696121A689B700BFDF22 /* ViewController.m */,
				9B9D696321A689B700BFDF22 /* Main.storyboard */,
				9B9D696621A689B800BFDF22 /* Assets.xcassets */,
				9B9D696821A689B800BFDF22 /* LaunchScreen.storyboard */,
				9B9D696B21A689B800BFDF22 /* Info.plist */,
				9B9D696C21A689B800BFDF22 /* main.m */,
			);
			path = mmp;
			sourceTree = "<group>";
		};
		9B9D697521A689B800BFDF22 /* mmpTests */ = {
			isa = PBXGroup;
			children = (
				9B9D697621A689B800BFDF22 /* mmpTests.m */,
				9B9D697821A689B800BFDF22 /* Info.plist */,
			);
			path = mmpTests;
			sourceTree = "<group>";
		};
		9B9D698021A689B800BFDF22 /* mmpUITests */ = {
			isa = PBXGroup;
			children = (
				9B9D698121A689B800BFDF22 /* mmpUITests.m */,
				9B9D698321A689B800BFDF22 /* Info.plist */,
			);
			path = mmpUITests;
			sourceTree = "<group>";
		};
/* End PBXGroup section */

/* Begin PBXNativeTarget section */
		9B9D695921A689B700BFDF22 /* mmp */ = {
			isa = PBXNativeTarget;
			buildConfigurationList = 9B9D698621A689B800BFDF22 /* Build configuration list for PBXNativeTarget "mmp" */;
			buildPhases = (
				9B9D695621A689B700BFDF22 /* Sources */,
				9B9D695721A689B700BFDF22 /* Frameworks */,
				9B9D695821A689B700BFDF22 /* Resources */,
			);
			buildRules = (
			);
			dependencies = (
			);
			name = mmp;
			productName = mmp;
			productReference = 9B9D695A21A689B700BFDF22 /* mmp.app */;
			productType = "com.apple.product-type.application";
		};
		9B9D697121A689B800BFDF22 /* mmpTests */ = {
			isa = PBXNativeTarget;
			buildConfigurationList = 9B9D698921A689B800BFDF22 /* Build configuration list for PBXNativeTarget "mmpTests" */;
			buildPhases = (
				9B9D696E21A689B800BFDF22 /* Sources */,
				9B9D696F21A689B800BFDF22 /* Frameworks */,
				9B9D697021A689B800BFDF22 /* Resources */,
			);
			buildRules = (
			);
			dependencies = (
				9B9D697421A689B800BFDF22 /* PBXTargetDependency */,
			);
			name = mmpTests;
			productName = mmpTests;
			productReference = 9B9D697221A689B800BFDF22 /* mmpTests.xctest */;
			productType = "com.apple.product-type.bundle.unit-test";
		};
		9B9D697C21A689B800BFDF22 /* mmpUITests */ = {
			isa = PBXNativeTarget;
			buildConfigurationList = 9B9D698C21A689B800BFDF22 /* Build configuration list for PBXNativeTarget "mmpUITests" */;
			buildPhases = (
				9B9D697921A689B800BFDF22 /* Sources */,
				9B9D697A21A689B800BFDF22 /* Frameworks */,
				9B9D697B21A689B800BFDF22 /* Resources */,
			);
			buildRules = (
			);
			dependencies = (
				9B9D697F21A689B800BFDF22 /* PBXTargetDependency */,
			);
			name = mmpUITests;
			productName = mmpUITests;
			productReference = 9B9D697D21A689B800BFDF22 /* mmpUITests.xctest */;
			productType = "com.apple.product-type.bundle.ui-testing";
		};
/* End PBXNativeTarget section */

/* Begin PBXProject section */
		9B9D695221A689B700BFDF22 /* Project object */ = {
			isa = PBXProject;
			attributes = {
				LastUpgradeCheck = 1000;
				ORGANIZATIONNAME = binarynt;
				TargetAttributes = {
					9B9D695921A689B700BFDF22 = {
						CreatedOnToolsVersion = 10.0;
					};
					9B9D697121A689B800BFDF22 = {
						CreatedOnToolsVersion = 10.0;
						TestTargetID = 9B9D695921A689B700BFDF22;
					};
					9B9D697C21A689B800BFDF22 = {
						CreatedOnToolsVersion = 10.0;
						TestTargetID = 9B9D695921A689B700BFDF22;
					};
				};
			};
			buildConfigurationList = 9B9D695521A689B700BFDF22 /* Build configuration list for PBXProject "mmp" */;
			compatibilityVersion = "Xcode 9.3";
			developmentRegion = en;
			hasScannedForEncodings = 0;
			knownRegions = (
				en,
				Base,
			);
			mainGroup = 9B9D695121A689B700BFDF22;
			productRefGroup = 9B9D695B21A689B700BFDF22 /* Products */;
			projectDirPath = "";
			projectRoot = "";
			targets = (
				9B9D695921A689B700BFDF22 /* mmp */,
				9B9D697121A689B800BFDF22 /* mmpTests */,
				9B9D697C21A689B800BFDF22 /* mmpUITests */,
			);
		};
/* End PBXProject section */

/* Begin PBXResourcesBuildPhase section */
		9B9D695821A689B700BFDF22 /* Resources */ = {
			isa = PBXResourcesBuildPhase;
			buildActionMask = 2147483647;
			files = (
				9B9D696A21A689B800BFDF22 /* LaunchScreen.storyboard in Resources */,
				9B9D696721A689B800BFDF22 /* Assets.xcassets in Resources */,
				9B9D696521A689B700BFDF22 /* Main.storyboard in Resources */,
			);
			runOnlyForDeploymentPostprocessing = 0;
		};
		9B9D697021A689B800BFDF22 /* Resources */ = {
			isa = PBXResourcesBuildPhase;
			buildActionMask = 2147483647;
			files = (
			);
			runOnlyForDeploymentPostprocessing = 0;
		};
		9B9D697B21A689B800BFDF22 /* Resources */ = {
			isa = PBXResourcesBuildPhase;
			buildActionMask = 2147483647;
			files = (
			);
			runOnlyForDeploymentPostprocessing = 0;
		};
/* End PBXResourcesBuildPhase section */

/* Begin PBXSourcesBuildPhase section */
		9B9D695621A689B700BFDF22 /* Sources */ = {
			isa = PBXSourcesBuildPhase;
			buildActionMask = 2147483647;
			files = (
				9B9D696221A689B700BFDF22 /* ViewController.m in Sources */,
				9B9D696D21A689B800BFDF22 /* main.m in Sources */,
				9B9D695F21A689B700BFDF22 /* AppDelegate.m in Sources */,
			);
			runOnlyForDeploymentPostprocessing = 0;
		};
		9B9D696E21A689B800BFDF22 /* Sources */ = {
			isa = PBXSourcesBuildPhase;
			buildActionMask = 2147483647;
			files = (
				9B9D697721A689B800BFDF22 /* mmpTests.m in Sources */,
			);
			runOnlyForDeploymentPostprocessing = 0;
		};
		9B9D697921A689B800BFDF22 /* Sources */ = {
			isa = PBXSourcesBuildPhase;
			buildActionMask = 2147483647;
			files = (
				9B9D698221A689B800BFDF22 /* mmpUITests.m in Sources */,
			);
			runOnlyForDeploymentPostprocessing = 0;
		};
/* End PBXSourcesBuildPhase section */

/* Begin PBXTargetDependency section */
		9B9D697421A689B800BFDF22 /* PBXTargetDependency */ = {
			isa = PBXTargetDependency;
			target = 9B9D695921A689B700BFDF22 /* mmp */;
			targetProxy = 9B9D697321A689B800BFDF22 /* PBXContainerItemProxy */;
		};
		9B9D697F21A689B800BFDF22 /* PBXTargetDependency */ = {
			isa = PBXTargetDependency;
			target = 9B9D695921A689B700BFDF22 /* mmp */;
			targetProxy = 9B9D697E21A689B800BFDF22 /* PBXContainerItemProxy */;
		};
/* End PBXTargetDependency section */

/* Begin PBXVariantGroup section */
		9B9D696321A689B700BFDF22 /* Main.storyboard */ = {
			isa = PBXVariantGroup;
			children = (
				9B9D696421A689B700BFDF22 /* Base */,
			);
			name = Main.storyboard;
			sourceTree = "<group>";
		};
		9B9D696821A689B800BFDF22 /* LaunchScreen.storyboard */ = {
			isa = PBXVariantGroup;
			children = (
				9B9D696921A689B800BFDF22 /* Base */,
			);
			name = LaunchScreen.storyboard;
			sourceTree = "<group>";
		};
/* End PBXVariantGroup section */

/* Begin XCBuildConfiguration section */
		9B9D698421A689B800BFDF22 /* Debug */ = {
			isa = XCBuildConfiguration;
			buildSettings = {
				ALWAYS_SEARCH_USER_PATHS = NO;
				CLANG_ANALYZER_NONNULL = YES;
				CLANG_ANALYZER_NUMBER_OBJECT_CONVERSION = YES_AGGRESSIVE;
				CLANG_CXX_LANGUAGE_STANDARD = "gnu++14";
				CLANG_CXX_LIBRARY = "libc++";
				CLANG_ENABLE_MODULES = YES;
				CLANG_ENABLE_OBJC_ARC = YES;
				CLANG_ENABLE_OBJC_WEAK = YES;
				CLANG_WARN_BLOCK_CAPTURE_AUTORELEASING = YES;
				CLANG_WARN_BOOL_CONVERSION = YES;
				CLANG_WARN_COMMA = YES;
				CLANG_WARN_CONSTANT_CONVERSION = YES;
				CLANG_WARN_DEPRECATED_OBJC_IMPLEMENTATIONS = YES;
				CLANG_WARN_DIRECT_OBJC_ISA_USAGE = YES_ERROR;
				CLANG_WARN_DOCUMENTATION_COMMENTS = YES;
				CLANG_WARN_EMPTY_BODY = YES;
				CLANG_WARN_ENUM_CONVERSION = YES;
				CLANG_WARN_INFINITE_RECURSION = YES;
				CLANG_WARN_INT_CONVERSION = YES;
				CLANG_WARN_NON_LITERAL_NULL_CONVERSION = YES;
				CLANG_WARN_OBJC_IMPLICIT_RETAIN_SELF = YES;
				CLANG_WARN_OBJC_LITERAL_CONVERSION = YES;
				CLANG_WARN_OBJC_ROOT_CLASS = YES_ERROR;
				CLANG_WARN_RANGE_LOOP_ANALYSIS = YES;
				CLANG_WARN_STRICT_PROTOTYPES = YES;
				CLANG_WARN_SUSPICIOUS_MOVE = YES;
				CLANG_WARN_UNGUARDED_AVAILABILITY = YES_AGGRESSIVE;
				CLANG_WARN_UNREACHABLE_CODE = YES;
				CLANG_WARN__DUPLICATE_METHOD_MATCH = YES;
				CODE_SIGN_IDENTITY = "iPhone Developer";
				COPY_PHASE_STRIP = NO;
				DEBUG_INFORMATION_FORMAT = dwarf;
				ENABLE_STRICT_OBJC_MSGSEND = YES;
				ENABLE_TESTABILITY = YES;
				GCC_C_LANGUAGE_STANDARD = gnu11;
				GCC_DYNAMIC_NO_PIC = NO;
				GCC_NO_COMMON_BLOCKS = YES;
				GCC_OPTIMIZATION_LEVEL = 0;
				GCC_PREPROCESSOR_DEFINITIONS = (
					"DEBUG=1",
					"$(inherited)",
				);
				GCC_WARN_64_TO_32_BIT_CONVERSION = YES;
				GCC_WARN_ABOUT_RETURN_TYPE = YES_ERROR;
				GCC_WARN_UNDECLARED_SELECTOR = YES;
				GCC_WARN_UNINITIALIZED_AUTOS = YES_AGGRESSIVE;
				GCC_WARN_UNUSED_FUNCTION = YES;
				GCC_WARN_UNUSED_VARIABLE = YES;
				IPHONEOS_DEPLOYMENT_TARGET = 12.0;
				MTL_ENABLE_DEBUG_INFO = INCLUDE_SOURCE;
				MTL_FAST_MATH = YES;
				ONLY_ACTIVE_ARCH = YES;
				SDKROOT = iphoneos;
			};
			name = Debug;
		};
		9B9D698521A689B800BFDF22 /* Release */ = {
			isa = XCBuildConfiguration;
			buildSettings = {
				ALWAYS_SEARCH_USER_PATHS = NO;
				CLANG_ANALYZER_NONNULL = YES;
				CLANG_ANALYZER_NUMBER_OBJECT_CONVERSION = YES_AGGRESSIVE;
				CLANG_CXX_LANGUAGE_STANDARD = "gnu++14";
				CLANG_CXX_LIBRARY = "libc++";
				CLANG_ENABLE_MODULES = YES;
				CLANG_ENABLE_OBJC_ARC = YES;
				CLANG_ENABLE_OBJC_WEAK = YES;
				CLANG_WARN_BLOCK_CAPTURE_AUTORELEASING = YES;
				CLANG_WARN_BOOL_CONVERSION = YES;
				CLANG_WARN_COMMA = YES;
				CLANG_WARN_CONSTANT_CONVERSION = YES;
				CLANG_WARN_DEPRECATED_OBJC_IMPLEMENTATIONS = YES;
				CLANG_WARN_DIRECT_OBJC_ISA_USAGE = YES_ERROR;
				CLANG_WARN_DOCUMENTATION_COMMENTS = YES;
				CLANG_WARN_EMPTY_BODY = YES;
				CLANG_WARN_ENUM_CONVERSION = YES;
				CLANG_WARN_INFINITE_RECURSION = YES;
				CLANG_WARN_INT_CONVERSION = YES;
				CLANG_WARN_NON_LITERAL_NULL_CONVERSION = YES;
				CLANG_WARN_OBJC_IMPLICIT_RETAIN_SELF = YES;
				CLANG_WARN_OBJC_LITERAL_CONVERSION = YES;
				CLANG_WARN_OBJC_ROOT_CLASS = YES_ERROR;
				CLANG_WARN_RANGE_LOOP_ANALYSIS = YES;
				CLANG_WARN_STRICT_PROTOTYPES = YES;
				CLANG_WARN_SUSPICIOUS_MOVE = YES;
				CLANG_WARN_UNGUARDED_AVAILABILITY = YES_AGGRESSIVE;
				CLANG_WARN_UNREACHABLE_CODE = YES;
				CLANG_WARN__DUPLICATE_METHOD_MATCH = YES;
				CODE_SIGN_IDENTITY = "iPhone Developer";
				COPY_PHASE_STRIP = NO;
				DEBUG_INFORMATION_FORMAT = "dwarf-with-dsym";
				ENABLE_NS_ASSERTIONS = NO;
				ENABLE_STRICT_OBJC_MSGSEND = YES;
				GCC_C_LANGUAGE_STANDARD = gnu11;
				GCC_NO_COMMON_BLOCKS = YES;
				GCC_WARN_64_TO_32_BIT_CONVERSION = YES;
				GCC_WARN_ABOUT_RETURN_TYPE = YES_ERROR;
				GCC_WARN_UNDECLARED_SELECTOR = YES;
				GCC_WARN_UNINITIALIZED_AUTOS = YES_AGGRESSIVE;
				GCC_WARN_UNUSED_FUNCTION = YES;
				GCC_WARN_UNUSED_VARIABLE = YES;
				IPHONEOS_DEPLOYMENT_TARGET = 12.0;
				MTL_ENABLE_DEBUG_INFO = NO;
				MTL_FAST_MATH = YES;
				SDKROOT = iphoneos;
				VALIDATE_PRODUCT = YES;
			};
			name = Release;
		};
		9B9D698721A689B800BFDF22 /* Debug */ = {
			isa = XCBuildConfiguration;
			buildSettings = {
				ASSETCATALOG_COMPILER_APPICON_NAME = AppIcon;
				CODE_SIGN_STYLE = Automatic;
				INFOPLIST_FILE = mmp/Info.plist;
				LD_RUNPATH_SEARCH_PATHS = (
					"$(inherited)",
					"@executable_path/Frameworks",
				);
				PRODUCT_BUNDLE_IDENTIFIER = com.binarynt.ceshi.mmp;
				PRODUCT_NAME = "$(TARGET_NAME)";
				TARGETED_DEVICE_FAMILY = "1,2";
			};
			name = Debug;
		};
		9B9D698821A689B800BFDF22 /* Release */ = {
			isa = XCBuildConfiguration;
			buildSettings = {
				ASSETCATALOG_COMPILER_APPICON_NAME = AppIcon;
				CODE_SIGN_STYLE = Automatic;
				INFOPLIST_FILE = mmp/Info.plist;
				LD_RUNPATH_SEARCH_PATHS = (
					"$(inherited)",
					"@executable_path/Frameworks",
				);
				PRODUCT_BUNDLE_IDENTIFIER = com.binarynt.ceshi.mmp;
				PRODUCT_NAME = "$(TARGET_NAME)";
				TARGETED_DEVICE_FAMILY = "1,2";
			};
			name = Release;
		};
		9B9D698A21A689B800BFDF22 /* Debug */ = {
			isa = XCBuildConfiguration;
			buildSettings = {
				BUNDLE_LOADER = "$(TEST_HOST)";
				CODE_SIGN_STYLE = Automatic;
				INFOPLIST_FILE = mmpTests/Info.plist;
				LD_RUNPATH_SEARCH_PATHS = (
					"$(inherited)",
					"@executable_path/Frameworks",
					"@loader_path/Frameworks",
				);
				PRODUCT_BUNDLE_IDENTIFIER = com.binarynt.ceshi.mmpTests;
				PRODUCT_NAME = "$(TARGET_NAME)";
				TARGETED_DEVICE_FAMILY = "1,2";
				TEST_HOST = "$(BUILT_PRODUCTS_DIR)/mmp.app/mmp";
			};
			name = Debug;
		};
		9B9D698B21A689B800BFDF22 /* Release */ = {
			isa = XCBuildConfiguration;
			buildSettings = {
				BUNDLE_LOADER = "$(TEST_HOST)";
				CODE_SIGN_STYLE = Automatic;
				INFOPLIST_FILE = mmpTests/Info.plist;
				LD_RUNPATH_SEARCH_PATHS = (
					"$(inherited)",
					"@executable_path/Frameworks",
					"@loader_path/Frameworks",
				);
				PRODUCT_BUNDLE_IDENTIFIER = com.binarynt.ceshi.mmpTests;
				PRODUCT_NAME = "$(TARGET_NAME)";
				TARGETED_DEVICE_FAMILY = "1,2";
				TEST_HOST = "$(BUILT_PRODUCTS_DIR)/mmp.app/mmp";
			};
			name = Release;
		};
		9B9D698D21A689B800BFDF22 /* Debug */ = {
			isa = XCBuildConfiguration;
			buildSettings = {
				CODE_SIGN_STYLE = Automatic;
				INFOPLIST_FILE = mmpUITests/Info.plist;
				LD_RUNPATH_SEARCH_PATHS = (
					"$(inherited)",
					"@executable_path/Frameworks",
					"@loader_path/Frameworks",
				);
				PRODUCT_BUNDLE_IDENTIFIER = com.binarynt.ceshi.mmpUITests;
				PRODUCT_NAME = "$(TARGET_NAME)";
				TARGETED_DEVICE_FAMILY = "1,2";
				TEST_TARGET_NAME = mmp;
			};
			name = Debug;
		};
		9B9D698E21A689B800BFDF22 /* Release */ = {
			isa = XCBuildConfiguration;
			buildSettings = {
				CODE_SIGN_STYLE = Automatic;
				INFOPLIST_FILE = mmpUITests/Info.plist;
				LD_RUNPATH_SEARCH_PATHS = (
					"$(inherited)",
					"@executable_path/Frameworks",
					"@loader_path/Frameworks",
				);
				PRODUCT_BUNDLE_IDENTIFIER = com.binarynt.ceshi.mmpUITests;
				PRODUCT_NAME = "$(TARGET_NAME)";
				TARGETED_DEVICE_FAMILY = "1,2";
				TEST_TARGET_NAME = mmp;
			};
			name = Release;
		};
/* End XCBuildConfiguration section */

/* Begin XCConfigurationList section */
		9B9D695521A689B700BFDF22 /* Build configuration list for PBXProject "mmp" */ = {
			isa = XCConfigurationList;
			buildConfigurations = (
				9B9D698421A689B800BFDF22 /* Debug */,
				9B9D698521A689B800BFDF22 /* Release */,
			);
			defaultConfigurationIsVisible = 0;
			defaultConfigurationName = Release;
		};
		9B9D698621A689B800BFDF22 /* Build configuration list for PBXNativeTarget "mmp" */ = {
			isa = XCConfigurationList;
			buildConfigurations = (
				9B9D698721A689B800BFDF22 /* Debug */,
				9B9D698821A689B800BFDF22 /* Release */,
			);
			defaultConfigurationIsVisible = 0;
			defaultConfigurationName = Release;
		};
		9B9D698921A689B800BFDF22 /* Build configuration list for PBXNativeTarget "mmpTests" */ = {
			isa = XCConfigurationList;
			buildConfigurations = (
				9B9D698A21A689B800BFDF22 /* Debug */,
				9B9D698B21A689B800BFDF22 /* Release */,
			);
			defaultConfigurationIsVisible = 0;
			defaultConfigurationName = Release;
		};
		9B9D698C21A689B800BFDF22 /* Build configuration list for PBXNativeTarget "mmpUITests" */ = {
			isa = XCConfigurationList;
			buildConfigurations = (
				9B9D698D21A689B800BFDF22 /* Debug */,
				9B9D698E21A689B800BFDF22 /* Release */,
			);
			defaultConfigurationIsVisible = 0;
			defaultConfigurationName = Release;
		};
/* End XCConfigurationList section */
	};
	rootObject = 9B9D695221A689B700BFDF22 /* Project object */;
}
